
Microsoft Visual Studio Solution File, Format Version 12.00
Project("{FAE04EC0-301F-11D3-BF4B-00C04F79EFBC}") = "SubscriptionDataLoader", "SubscriptionDataLoader\SubscriptionDataLoader.csproj", "{7B8083C3-2BA7-4BA7-901B-C46A0729CAD8}"
EndProject
Project("{FAE04EC0-301F-11D3-BF4B-00C04F79EFBC}") = "SubscriptionDataLoader.Test", "SubscriptionDataLoader.Test\SubscriptionDataLoader.Test.csproj", "{2089A8FA-2073-4EBC-8A1F-49BC9FA9F065}"
EndProject
Global
	GlobalSection(SolutionConfigurationPlatforms) = preSolution
		Debug|Any CPU = Debug|Any CPU
		Release|Any CPU = Release|Any CPU
	EndGlobalSection
	GlobalSection(ProjectConfigurationPlatforms) = postSolution
		{7B8083C3-2BA7-4BA7-901B-C46A0729CAD8}.Debug|Any CPU.ActiveCfg = Debug|Any CPU
		{7B8083C3-2BA7-4BA7-901B-C46A0729CAD8}.Debug|Any CPU.Build.0 = Debug|Any CPU
		{7B8083C3-2BA7-4BA7-901B-C46A0729CAD8}.Release|Any CPU.ActiveCfg = Release|Any CPU
		{7B8083C3-2BA7-4BA7-901B-C46A0729CAD8}.Release|Any CPU.Build.0 = Release|Any CPU
		{2089A8FA-2073-4EBC-8A1F-49BC9FA9F065}.Debug|Any CPU.ActiveCfg = Debug|Any CPU
		{2089A8FA-2073-4EBC-8A1F-49BC9FA9F065}.Debug|Any CPU.Build.0 = Debug|Any CPU
		{2089A8FA-2073-4EBC-8A1F-49BC9FA9F065}.Release|Any CPU.ActiveCfg = Release|Any CPU
		{2089A8FA-2073-4EBC-8A1F-49BC9FA9F065}.Release|Any CPU.Build.0 = Release|Any CPU
	EndGlobalSection
EndGlobal
